
Microsoft Visual Studio Solution File, Format Version 12.00
# Visual Studio Version 16
VisualStudioVersion = 16.0.32126.315
MinimumVisualStudioVersion = 10.0.40219.1
Project("{FAE04EC0-301F-11D3-BF4B-00C04F79EFBC}") = "Test_SQLDataAdapter", "Test_SQLDataAdapter\Test_SQLDataAdapter.csproj", "{7539D77D-A72B-4C43-BC10-B5A5002CE126}"
EndProject
Global
	GlobalSection(SolutionConfigurationPlatforms) = preSolution
		Debug|Any CPU = Debug|Any CPU
		Release|Any CPU = Release|Any CPU
	EndGlobalSection
	GlobalSection(ProjectConfigurationPlatforms) = postSolution
		{7539D77D-A72B-4C43-BC10-B5A5002CE126}.Debug|Any CPU.ActiveCfg = Debug|Any CPU
		{7539D77D-A72B-4C43-BC10-B5A5002CE126}.Debug|Any CPU.Build.0 = Debug|Any CPU
		{7539D77D-A72B-4C43-BC10-B5A5002CE126}.Release|Any CPU.ActiveCfg = Release|Any CPU
		{7539D77D-A72B-4C43-BC10-B5A5002CE126}.Release|Any CPU.Build.0 = Release|Any CPU
	EndGlobalSection
	GlobalSection(SolutionProperties) = preSolution
		HideSolutionNode = FALSE
	EndGlobalSection
	GlobalSection(ExtensibilityGlobals) = postSolution
		SolutionGuid = {744AE0A9-8356-4E1C-9192-2A523EA8B644}
	EndGlobalSection
EndGlobal
